
Microsoft Visual Studio Solution File, Format Version 12.00
# Visual Studio Version 17
VisualStudioVersion = 17.10.35013.160
MinimumVisualStudioVersion = 10.0.40219.1
Project("{FAE04EC0-301F-11D3-BF4B-00C04F79EFBC}") = "Model", "Model\Model.csproj", "{56BC9030-0625-467A-B782-AC3F8151BC37}"
EndProject
Project("{FAE04EC0-301F-11D3-BF4B-00C04F79EFBC}") = "Test", "Test\Test.csproj", "{CA84BF33-673B-4BEE-9448-EB59D0CB80C0}"
EndProject
Global
	GlobalSection(SolutionConfigurationPlatforms) = preSolution
		Debug|Any CPU = Debug|Any CPU
		Release|Any CPU = Release|Any CPU
	EndGlobalSection
	GlobalSection(ProjectConfigurationPlatforms) = postSolution
		{56BC9030-0625-467A-B782-AC3F8151BC37}.Debug|Any CPU.ActiveCfg = Debug|Any CPU
		{56BC9030-0625-467A-B782-AC3F8151BC37}.Debug|Any CPU.Build.0 = Debug|Any CPU
		{56BC9030-0625-467A-B782-AC3F8151BC37}.Release|Any CPU.ActiveCfg = Release|Any CPU
		{56BC9030-0625-467A-B782-AC3F8151BC37}.Release|Any CPU.Build.0 = Release|Any CPU
		{CA84BF33-673B-4BEE-9448-EB59D0CB80C0}.Debug|Any CPU.ActiveCfg = Debug|Any CPU
		{CA84BF33-673B-4BEE-9448-EB59D0CB80C0}.Debug|Any CPU.Build.0 = Debug|Any CPU
		{CA84BF33-673B-4BEE-9448-EB59D0CB80C0}.Release|Any CPU.ActiveCfg = Release|Any CPU
		{CA84BF33-673B-4BEE-9448-EB59D0CB80C0}.Release|Any CPU.Build.0 = Release|Any CPU
	EndGlobalSection
	GlobalSection(SolutionProperties) = preSolution
		HideSolutionNode = FALSE
	EndGlobalSection
	GlobalSection(ExtensibilityGlobals) = postSolution
		SolutionGuid = {E098DD9A-7AB0-4AB0-99A1-3E9E49A479B6}
	EndGlobalSection
EndGlobal
